
Microsoft Visual Studio Solution File, Format Version 12.00
# Visual Studio 14
VisualStudioVersion = 14.0.25420.1
MinimumVisualStudioVersion = 10.0.40219.1
Project("{FAE04EC0-301F-11D3-BF4B-00C04F79EFBC}") = "DAL", "DAL\DAL.csproj", "{BB8C25F4-B250-4EFD-B3DA-17390835ED3E}"
EndProject
Project("{FAE04EC0-301F-11D3-BF4B-00C04F79EFBC}") = "BLL", "BLL\BLL.csproj", "{E819243C-4BC7-446F-94FB-2C79204F95C8}"
EndProject
Project("{FAE04EC0-301F-11D3-BF4B-00C04F79EFBC}") = "SVC", "SVC\SVC.csproj", "{6467EFAF-D913-4754-8531-F92008B8FFF8}"
EndProject
Project("{FAE04EC0-301F-11D3-BF4B-00C04F79EFBC}") = "SITE", "SITE\SITE.csproj", "{358B7935-3E8A-4CBC-B649-CE7ECC418303}"
EndProject
Global
	GlobalSection(SolutionConfigurationPlatforms) = preSolution
		Debug|Any CPU = Debug|Any CPU
		Release|Any CPU = Release|Any CPU
	EndGlobalSection
	GlobalSection(ProjectConfigurationPlatforms) = postSolution
		{BB8C25F4-B250-4EFD-B3DA-17390835ED3E}.Debug|Any CPU.ActiveCfg = Debug|Any CPU
		{BB8C25F4-B250-4EFD-B3DA-17390835ED3E}.Debug|Any CPU.Build.0 = Debug|Any CPU
		{BB8C25F4-B250-4EFD-B3DA-17390835ED3E}.Release|Any CPU.ActiveCfg = Release|Any CPU
		{BB8C25F4-B250-4EFD-B3DA-17390835ED3E}.Release|Any CPU.Build.0 = Release|Any CPU
		{E819243C-4BC7-446F-94FB-2C79204F95C8}.Debug|Any CPU.ActiveCfg = Debug|Any CPU
		{E819243C-4BC7-446F-94FB-2C79204F95C8}.Debug|Any CPU.Build.0 = Debug|Any CPU
		{E819243C-4BC7-446F-94FB-2C79204F95C8}.Release|Any CPU.ActiveCfg = Release|Any CPU
		{E819243C-4BC7-446F-94FB-2C79204F95C8}.Release|Any CPU.Build.0 = Release|Any CPU
		{6467EFAF-D913-4754-8531-F92008B8FFF8}.Debug|Any CPU.ActiveCfg = Debug|Any CPU
		{6467EFAF-D913-4754-8531-F92008B8FFF8}.Debug|Any CPU.Build.0 = Debug|Any CPU
		{6467EFAF-D913-4754-8531-F92008B8FFF8}.Release|Any CPU.ActiveCfg = Release|Any CPU
		{6467EFAF-D913-4754-8531-F92008B8FFF8}.Release|Any CPU.Build.0 = Release|Any CPU
		{358B7935-3E8A-4CBC-B649-CE7ECC418303}.Debug|Any CPU.ActiveCfg = Debug|Any CPU
		{358B7935-3E8A-4CBC-B649-CE7ECC418303}.Debug|Any CPU.Build.0 = Debug|Any CPU
		{358B7935-3E8A-4CBC-B649-CE7ECC418303}.Release|Any CPU.ActiveCfg = Release|Any CPU
		{358B7935-3E8A-4CBC-B649-CE7ECC418303}.Release|Any CPU.Build.0 = Release|Any CPU
	EndGlobalSection
	GlobalSection(SolutionProperties) = preSolution
		HideSolutionNode = FALSE
	EndGlobalSection
EndGlobal
