
Microsoft Visual Studio Solution File, Format Version 12.00
# Visual Studio 14
VisualStudioVersion = 14.0.25420.1
MinimumVisualStudioVersion = 10.0.40219.1
Project("{FAE04EC0-301F-11D3-BF4B-00C04F79EFBC}") = "DAL", "DAL\DAL.csproj", "{B8A6D37B-9709-462B-B629-7F8F70AB97A3}"
EndProject
Project("{FAE04EC0-301F-11D3-BF4B-00C04F79EFBC}") = "BLL", "BLL\BLL.csproj", "{1D2554D6-0AA6-4B49-A1D7-293DD0FFFEEE}"
EndProject
Project("{FAE04EC0-301F-11D3-BF4B-00C04F79EFBC}") = "UI", "UI\UI.csproj", "{43CCA12C-539B-41D9-A909-7D2278BEDB59}"
EndProject
Global
	GlobalSection(SolutionConfigurationPlatforms) = preSolution
		Debug|Any CPU = Debug|Any CPU
		Release|Any CPU = Release|Any CPU
	EndGlobalSection
	GlobalSection(ProjectConfigurationPlatforms) = postSolution
		{B8A6D37B-9709-462B-B629-7F8F70AB97A3}.Debug|Any CPU.ActiveCfg = Debug|Any CPU
		{B8A6D37B-9709-462B-B629-7F8F70AB97A3}.Debug|Any CPU.Build.0 = Debug|Any CPU
		{B8A6D37B-9709-462B-B629-7F8F70AB97A3}.Release|Any CPU.ActiveCfg = Release|Any CPU
		{B8A6D37B-9709-462B-B629-7F8F70AB97A3}.Release|Any CPU.Build.0 = Release|Any CPU
		{1D2554D6-0AA6-4B49-A1D7-293DD0FFFEEE}.Debug|Any CPU.ActiveCfg = Debug|Any CPU
		{1D2554D6-0AA6-4B49-A1D7-293DD0FFFEEE}.Debug|Any CPU.Build.0 = Debug|Any CPU
		{1D2554D6-0AA6-4B49-A1D7-293DD0FFFEEE}.Release|Any CPU.ActiveCfg = Release|Any CPU
		{1D2554D6-0AA6-4B49-A1D7-293DD0FFFEEE}.Release|Any CPU.Build.0 = Release|Any CPU
		{43CCA12C-539B-41D9-A909-7D2278BEDB59}.Debug|Any CPU.ActiveCfg = Debug|Any CPU
		{43CCA12C-539B-41D9-A909-7D2278BEDB59}.Debug|Any CPU.Build.0 = Debug|Any CPU
		{43CCA12C-539B-41D9-A909-7D2278BEDB59}.Release|Any CPU.ActiveCfg = Release|Any CPU
		{43CCA12C-539B-41D9-A909-7D2278BEDB59}.Release|Any CPU.Build.0 = Release|Any CPU
	EndGlobalSection
	GlobalSection(SolutionProperties) = preSolution
		HideSolutionNode = FALSE
	EndGlobalSection
EndGlobal
